
Microsoft Visual Studio Solution File, Format Version 12.00
# Visual Studio Version 17
VisualStudioVersion = 17.2.32516.85
MinimumVisualStudioVersion = 10.0.40219.1
Project("{FAE04EC0-301F-11D3-BF4B-00C04F79EFBC}") = "NorthwindDal", "NorthwindDal\NorthwindDal.csproj", "{8FD562A0-9D11-4ACD-B1F5-6B54127604D9}"
EndProject
Project("{FAE04EC0-301F-11D3-BF4B-00C04F79EFBC}") = "NorthwindDalUnitTests", "NorthwindDalUnitTests\NorthwindDalUnitTests.csproj", "{437B420E-619A-43A0-A73C-EAC7185EA6BE}"
EndProject
Project("{FAE04EC0-301F-11D3-BF4B-00C04F79EFBC}") = "NorthwindWebApi", "NorthwindWebApi\NorthwindWebApi.csproj", "{D90CFFEA-0762-41A8-98CA-BD7C9E8B5E62}"
EndProject
Global
	GlobalSection(SolutionConfigurationPlatforms) = preSolution
		Debug|Any CPU = Debug|Any CPU
		Release|Any CPU = Release|Any CPU
	EndGlobalSection
	GlobalSection(ProjectConfigurationPlatforms) = postSolution
		{8FD562A0-9D11-4ACD-B1F5-6B54127604D9}.Debug|Any CPU.ActiveCfg = Debug|Any CPU
		{8FD562A0-9D11-4ACD-B1F5-6B54127604D9}.Debug|Any CPU.Build.0 = Debug|Any CPU
		{8FD562A0-9D11-4ACD-B1F5-6B54127604D9}.Release|Any CPU.ActiveCfg = Release|Any CPU
		{8FD562A0-9D11-4ACD-B1F5-6B54127604D9}.Release|Any CPU.Build.0 = Release|Any CPU
		{437B420E-619A-43A0-A73C-EAC7185EA6BE}.Debug|Any CPU.ActiveCfg = Debug|Any CPU
		{437B420E-619A-43A0-A73C-EAC7185EA6BE}.Debug|Any CPU.Build.0 = Debug|Any CPU
		{437B420E-619A-43A0-A73C-EAC7185EA6BE}.Release|Any CPU.ActiveCfg = Release|Any CPU
		{437B420E-619A-43A0-A73C-EAC7185EA6BE}.Release|Any CPU.Build.0 = Release|Any CPU
		{D90CFFEA-0762-41A8-98CA-BD7C9E8B5E62}.Debug|Any CPU.ActiveCfg = Debug|Any CPU
		{D90CFFEA-0762-41A8-98CA-BD7C9E8B5E62}.Debug|Any CPU.Build.0 = Debug|Any CPU
		{D90CFFEA-0762-41A8-98CA-BD7C9E8B5E62}.Release|Any CPU.ActiveCfg = Release|Any CPU
		{D90CFFEA-0762-41A8-98CA-BD7C9E8B5E62}.Release|Any CPU.Build.0 = Release|Any CPU
	EndGlobalSection
	GlobalSection(SolutionProperties) = preSolution
		HideSolutionNode = FALSE
	EndGlobalSection
	GlobalSection(ExtensibilityGlobals) = postSolution
		SolutionGuid = {A117B89C-A9A0-4A8B-A002-16AB78113BBA}
	EndGlobalSection
EndGlobal
