
Microsoft Visual Studio Solution File, Format Version 12.00
# Visual Studio Version 17
VisualStudioVersion = 17.2.32516.85
MinimumVisualStudioVersion = 10.0.40219.1
Project("{9A19103F-16F7-4668-BE54-9A1E7A4F7556}") = "HistoricalRatesDal", "HistoricalRatesDal\HistoricalRatesDal.csproj", "{7CEBE9C6-0CC3-4D88-8BAA-6513D9BBFD97}"
EndProject
Project("{9A19103F-16F7-4668-BE54-9A1E7A4F7556}") = "HistoricalRatesDalUnitTests", "HistoricalRatesDalUnitTests\HistoricalRatesDalUnitTests.csproj", "{7688BFBE-F449-4296-AA17-A07CD7FB7CDD}"
EndProject
Project("{FAE04EC0-301F-11D3-BF4B-00C04F79EFBC}") = "HistoricalRatesUi", "HistoricalRatesUi\HistoricalRatesUi.csproj", "{C2F07DBC-B3D4-4AE7-9E1D-4A06EE8D7DF8}"
EndProject
Global
	GlobalSection(SolutionConfigurationPlatforms) = preSolution
		Debug|Any CPU = Debug|Any CPU
		Release|Any CPU = Release|Any CPU
	EndGlobalSection
	GlobalSection(ProjectConfigurationPlatforms) = postSolution
		{7CEBE9C6-0CC3-4D88-8BAA-6513D9BBFD97}.Debug|Any CPU.ActiveCfg = Debug|Any CPU
		{7CEBE9C6-0CC3-4D88-8BAA-6513D9BBFD97}.Debug|Any CPU.Build.0 = Debug|Any CPU
		{7CEBE9C6-0CC3-4D88-8BAA-6513D9BBFD97}.Release|Any CPU.ActiveCfg = Release|Any CPU
		{7CEBE9C6-0CC3-4D88-8BAA-6513D9BBFD97}.Release|Any CPU.Build.0 = Release|Any CPU
		{7688BFBE-F449-4296-AA17-A07CD7FB7CDD}.Debug|Any CPU.ActiveCfg = Debug|Any CPU
		{7688BFBE-F449-4296-AA17-A07CD7FB7CDD}.Debug|Any CPU.Build.0 = Debug|Any CPU
		{7688BFBE-F449-4296-AA17-A07CD7FB7CDD}.Release|Any CPU.ActiveCfg = Release|Any CPU
		{7688BFBE-F449-4296-AA17-A07CD7FB7CDD}.Release|Any CPU.Build.0 = Release|Any CPU
		{C2F07DBC-B3D4-4AE7-9E1D-4A06EE8D7DF8}.Debug|Any CPU.ActiveCfg = Debug|Any CPU
		{C2F07DBC-B3D4-4AE7-9E1D-4A06EE8D7DF8}.Debug|Any CPU.Build.0 = Debug|Any CPU
		{C2F07DBC-B3D4-4AE7-9E1D-4A06EE8D7DF8}.Release|Any CPU.ActiveCfg = Release|Any CPU
		{C2F07DBC-B3D4-4AE7-9E1D-4A06EE8D7DF8}.Release|Any CPU.Build.0 = Release|Any CPU
	EndGlobalSection
	GlobalSection(SolutionProperties) = preSolution
		HideSolutionNode = FALSE
	EndGlobalSection
	GlobalSection(ExtensibilityGlobals) = postSolution
		SolutionGuid = {01E94C12-98C2-4EF5-A517-994326DB1B2F}
	EndGlobalSection
EndGlobal
